
Microsoft Visual Studio Solution File, Format Version 12.00
# Visual Studio 15
VisualStudioVersion = 15.0.28010.2016
MinimumVisualStudioVersion = 10.0.40219.1
Project("{FAE04EC0-301F-11D3-BF4B-00C04F79EFBC}") = "IAproject", "IAproject\IAproject.csproj", "{531F2ABF-9DB8-4CA4-B053-888D7C240532}"
EndProject
Global
	GlobalSection(SolutionConfigurationPlatforms) = preSolution
		Debug|Any CPU = Debug|Any CPU
		Release|Any CPU = Release|Any CPU
	EndGlobalSection
	GlobalSection(ProjectConfigurationPlatforms) = postSolution
		{531F2ABF-9DB8-4CA4-B053-888D7C240532}.Debug|Any CPU.ActiveCfg = Debug|Any CPU
		{531F2ABF-9DB8-4CA4-B053-888D7C240532}.Debug|Any CPU.Build.0 = Debug|Any CPU
		{531F2ABF-9DB8-4CA4-B053-888D7C240532}.Release|Any CPU.ActiveCfg = Release|Any CPU
		{531F2ABF-9DB8-4CA4-B053-888D7C240532}.Release|Any CPU.Build.0 = Release|Any CPU
	EndGlobalSection
	GlobalSection(SolutionProperties) = preSolution
		HideSolutionNode = FALSE
	EndGlobalSection
	GlobalSection(ExtensibilityGlobals) = postSolution
		SolutionGuid = {AA9A4750-D1BA-44E3-B51A-53570C3CCD4D}
	EndGlobalSection
EndGlobal
